
Microsoft Visual Studio Solution File, Format Version 12.00
# Visual Studio Version 16
VisualStudioVersion = 25.0.1706.7
MinimumVisualStudioVersion = 10.0.40219.1
Project("{FAE04EC0-301F-11D3-BF4B-00C04F79EFBC}") = "VendingMachineProgram", "VendingMachineProgram.csproj", "{47EDD246-AE33-4D49-A5B2-C46D38EF7107}"
EndProject
Global
	GlobalSection(SolutionConfigurationPlatforms) = preSolution
		Debug|Any CPU = Debug|Any CPU
		Release|Any CPU = Release|Any CPU
	EndGlobalSection
	GlobalSection(ProjectConfigurationPlatforms) = postSolution
		{47EDD246-AE33-4D49-A5B2-C46D38EF7107}.Debug|Any CPU.ActiveCfg = Debug|Any CPU
		{47EDD246-AE33-4D49-A5B2-C46D38EF7107}.Debug|Any CPU.Build.0 = Debug|Any CPU
		{47EDD246-AE33-4D49-A5B2-C46D38EF7107}.Release|Any CPU.ActiveCfg = Release|Any CPU
		{47EDD246-AE33-4D49-A5B2-C46D38EF7107}.Release|Any CPU.Build.0 = Release|Any CPU
	EndGlobalSection
	GlobalSection(SolutionProperties) = preSolution
		HideSolutionNode = FALSE
	EndGlobalSection
	GlobalSection(ExtensibilityGlobals) = postSolution
		SolutionGuid = {1E552D9B-3520-44B8-96F0-4C0881624987}
	EndGlobalSection
EndGlobal
